PODS:
  - Capacitor (8.3.4):
    - CapacitorCordova
  - CapacitorCordova (8.3.4)
  - CapgoNativePurchases (8.3.10):
    - Capacitor

DEPENDENCIES:
  - "Capacitor (from `../../node_modules/@capacitor/ios`)"
  - "CapacitorCordova (from `../../node_modules/@capacitor/ios`)"
  - "CapgoNativePurchases (from `../../node_modules/@capgo/native-purchases`)"

EXTERNAL SOURCES:
  Capacitor:
    :path: "../../node_modules/@capacitor/ios"
  CapacitorCordova:
    :path: "../../node_modules/@capacitor/ios"
  CapgoNativePurchases:
    :path: "../../node_modules/@capgo/native-purchases"

SPEC CHECKSUMS:
  Capacitor: d13cad5fa09155679672808cc4ca9fbc2997e1b4
  CapacitorCordova: c07921bdcfec6f691bae22274446b4d606ebf6a4
  CapgoNativePurchases: 0b78b5f8531112bc5a4cbf0f0ae8102d8618bde9

PODFILE CHECKSUM: f87dbddde66678c3326e816f7e373e59731ea16a

COCOAPODS: 1.16.2
